<?xml version="1.0" encoding="UTF-8" standalone="yes" ?>
<CodeBlocks_project_file>
	<FileVersion major="1" minor="6" />
	<Project>
		<Option title="numeric" />
		<Option pch_mode="2" />
		<Option compiler="clang" />
		<Build>
			<Target title="debug_x86">
				<Option output="../bin/numeric_debug_x86" prefix_auto="1" extension_auto="1" />
				<Option object_output="../obj/debug_x86/" />
				<Option type="1" />
				<Option compiler="clang" />
				<Compiler>
					<Add option="-m32" />
					<Add option="-g" />
				</Compiler>
				<Linker>
					<Add option="-m32" />
				</Linker>
			</Target>
			<Target title="release_x86">
				<Option output="../bin/numeric_release_x86" prefix_auto="1" extension_auto="1" />
				<Option object_output="../obj/release_x86/" />
				<Option type="1" />
				<Option compiler="clang" />
				<Compiler>
					<Add option="-O3" />
					<Add option="-m32" />
					<Add option="-DNDEBUG" />
				</Compiler>
				<Linker>
					<Add option="-s" />
					<Add option="-m32" />
				</Linker>
			</Target>
			<Target title="debug_x64">
				<Option output="../bin/numeric_debug_x64" prefix_auto="1" extension_auto="1" />
				<Option object_output="../obj/debug_x64/" />
				<Option type="1" />
				<Option compiler="clang" />
				<Compiler>
					<Add option="-m64" />
					<Add option="-g" />
				</Compiler>
				<Linker>
					<Add option="-m64" />
				</Linker>
			</Target>
			<Target title="release_x64">
				<Option output="../bin/numeric_release_x64" prefix_auto="1" extension_auto="1" />
				<Option object_output="../obj/release_x64/" />
				<Option type="1" />
				<Option compiler="clang" />
				<Compiler>
					<Add option="-O3" />
					<Add option="-m64" />
					<Add option="-DNDEBUG" />
				</Compiler>
				<Linker>
					<Add option="-s" />
					<Add option="-m64" />
				</Linker>
			</Target>
		</Build>
		<Compiler>
			<Add option="-fms-extensions" />
			<Add option="-Werror" />
			<Add option="-Wall" />
			<Add option="-std=c++14" />
			<Add option="-Weffc++" />
			<Add option="-Wfatal-errors" />
			<Add option="-Wextra" />
		</Compiler>
		<Linker>
			<Add option="-shared-libstdc++" />
			<Add option="-shared-libgcc" />
			<Add option="-shared" />
		</Linker>
		<Unit filename="../src/id.hpp" />
		<Unit filename="../src/ii.hpp" />
		<Unit filename="../src/main.cpp" />
		<Unit filename="../src/nn.hpp" />
		<Unit filename="../src/tlsf.hpp" />
		<Unit filename="../src/wk.hpp" />
		<Extensions>
			<code_completion />
			<envvars />
			<debugger />
			<lib_finder disable_auto="1" />
		</Extensions>
	</Project>
</CodeBlocks_project_file>
